
Microsoft Visual Studio Solution File, Format Version 12.00
Project("{FAE04EC0-301F-11D3-BF4B-00C04F79EFBC}") = "Mapping", "Mapping\Mapping.csproj", "{12AC12DF-7013-4438-A830-08BDA1DB7B93}"
EndProject
Project("{FAE04EC0-301F-11D3-BF4B-00C04F79EFBC}") = "Paging", "Paging\Paging.csproj", "{CDC6BF09-C9D7-4893-BD57-8B725B8E7029}"
EndProject
Project("{FAE04EC0-301F-11D3-BF4B-00C04F79EFBC}") = "DatabaseManager", "DatabaseManager\DatabaseManager.csproj", "{AF3D9EC6-78E4-4B6C-90CE-46C5DB27C941}"
EndProject
Project("{2150E333-8FDC-42A3-9474-1A3956D46DE8}") = "Libraries", "Libraries", "{58CF6E74-2A16-4DD7-80A9-B5DB45B31733}"
EndProject
Global
	GlobalSection(SolutionConfigurationPlatforms) = preSolution
		Debug|Any CPU = Debug|Any CPU
		Release|Any CPU = Release|Any CPU
	EndGlobalSection
	GlobalSection(ProjectConfigurationPlatforms) = postSolution
		{12AC12DF-7013-4438-A830-08BDA1DB7B93}.Debug|Any CPU.ActiveCfg = Debug|Any CPU
		{12AC12DF-7013-4438-A830-08BDA1DB7B93}.Debug|Any CPU.Build.0 = Debug|Any CPU
		{12AC12DF-7013-4438-A830-08BDA1DB7B93}.Release|Any CPU.ActiveCfg = Release|Any CPU
		{12AC12DF-7013-4438-A830-08BDA1DB7B93}.Release|Any CPU.Build.0 = Release|Any CPU
		{CDC6BF09-C9D7-4893-BD57-8B725B8E7029}.Debug|Any CPU.ActiveCfg = Debug|Any CPU
		{CDC6BF09-C9D7-4893-BD57-8B725B8E7029}.Debug|Any CPU.Build.0 = Debug|Any CPU
		{CDC6BF09-C9D7-4893-BD57-8B725B8E7029}.Release|Any CPU.ActiveCfg = Release|Any CPU
		{CDC6BF09-C9D7-4893-BD57-8B725B8E7029}.Release|Any CPU.Build.0 = Release|Any CPU
		{AF3D9EC6-78E4-4B6C-90CE-46C5DB27C941}.Debug|Any CPU.ActiveCfg = Debug|Any CPU
		{AF3D9EC6-78E4-4B6C-90CE-46C5DB27C941}.Debug|Any CPU.Build.0 = Debug|Any CPU
		{AF3D9EC6-78E4-4B6C-90CE-46C5DB27C941}.Release|Any CPU.ActiveCfg = Release|Any CPU
		{AF3D9EC6-78E4-4B6C-90CE-46C5DB27C941}.Release|Any CPU.Build.0 = Release|Any CPU
	EndGlobalSection
	GlobalSection(NestedProjects) = preSolution
		{AF3D9EC6-78E4-4B6C-90CE-46C5DB27C941} = {58CF6E74-2A16-4DD7-80A9-B5DB45B31733}
		{12AC12DF-7013-4438-A830-08BDA1DB7B93} = {58CF6E74-2A16-4DD7-80A9-B5DB45B31733}
		{CDC6BF09-C9D7-4893-BD57-8B725B8E7029} = {58CF6E74-2A16-4DD7-80A9-B5DB45B31733}
	EndGlobalSection
EndGlobal
